// !$*UTF8*$!
{
	archiveVersion = 1;
	classes = {
	};
	objectVersion = 50;
	objects = {

/* Begin PBXBuildFile section */
		465198BE236DC42F007B1802 /* GloriaHallelujah-Regular.ttf in Resources */ = {isa = PBXBuildFile; fileRef = 465198BD236DC42F007B1802 /* GloriaHallelujah-Regular.ttf */; };
		4695653E236C766A009E305F /* AppDelegate.swift in Sources */ = {isa = PBXBuildFile; fileRef = 4695653D236C766A009E305F /* AppDelegate.swift */; };
		46956540236C766A009E305F /* SceneDelegate.swift in Sources */ = {isa = PBXBuildFile; fileRef = 4695653F236C766A009E305F /* SceneDelegate.swift */; };
		46956542236C766A009E305F /* ContentView.swift in Sources */ = {isa = PBXBuildFile; fileRef = 46956541236C766A009E305F /* ContentView.swift */; };
		46956544236C766D009E305F /* Assets.xcassets in Resources */ = {isa = PBXBuildFile; fileRef = 46956543236C766D009E305F /* Assets.xcassets */; };
		46956547236C766D009E305F /* Preview Assets.xcassets in Resources */ = {isa = PBXBuildFile; fileRef = 46956546236C766D009E305F /* Preview Assets.xcassets */; };
		4695654A236C766D009E305F /* LaunchScreen.storyboard in Resources */ = {isa = PBXBuildFile; fileRef = 46956548236C766D009E305F /* LaunchScreen.storyboard */; };
		46956553236C7696009E305F /* File.swift in Sources */ = {isa = PBXBuildFile; fileRef = 46956552236C7696009E305F /* File.swift */; };
/* End PBXBuildFile section */

/* Begin PBXFileReference section */
		465198BD236DC42F007B1802 /* GloriaHallelujah-Regular.ttf */ = {isa = PBXFileReference; lastKnownFileType = file; path = "GloriaHallelujah-Regular.ttf"; sourceTree = "<group>"; };
		4695653A236C766A009E305F /* Doggin.app */ = {isa = PBXFileReference; explicitFileType = wrapper.application; includeInIndex = 0; path = Doggin.app; sourceTree = BUILT_PRODUCTS_DIR; };
		4695653D236C766A009E305F /* AppDelegate.swift */ = {isa = PBXFileReference; lastKnownFileType = sourcecode.swift; path = AppDelegate.swift; sourceTree = "<group>"; };
		4695653F236C766A009E305F /* SceneDelegate.swift */ = {isa = PBXFileReference; lastKnownFileType = sourcecode.swift; path = SceneDelegate.swift; sourceTree = "<group>"; };
		46956541236C766A009E305F /* ContentView.swift */ = {isa = PBXFileReference; lastKnownFileType = sourcecode.swift; path = ContentView.swift; sourceTree = "<group>"; };
		46956543236C766D009E305F /* Assets.xcassets */ = {isa = PBXFileReference; lastKnownFileType = folder.assetcatalog; path = Assets.xcassets; sourceTree = "<group>"; };
		46956546236C766D009E305F /* Preview Assets.xcassets */ = {isa = PBXFileReference; lastKnownFileType = folder.assetcatalog; path = "Preview Assets.xcassets"; sourceTree = "<group>"; };
		46956549236C766D009E305F /* Base */ = {isa = PBXFileReference; lastKnownFileType = file.storyboard; name = Base; path = Base.lproj/LaunchScreen.storyboard; sourceTree = "<group>"; };
		4695654B236C766D009E305F /* Info.plist */ = {isa = PBXFileReference; lastKnownFileType = text.plist.xml; path = Info.plist; sourceTree = "<group>"; };
		46956552236C7696009E305F /* File.swift */ = {isa = PBXFileReference; lastKnownFileType = sourcecode.swift; path = File.swift; sourceTree = "<group>"; };
/* End PBXFileReference section */

/* Begin PBXFrameworksBuildPhase section */
		46956537236C766A009E305F /* Frameworks */ = {
			isa = PBXFrameworksBuildPhase;
			buildActionMask = 2147483647;
			files = (
			);
			runOnlyForDeploymentPostprocessing = 0;
		};
/* End PBXFrameworksBuildPhase section */

/* Begin PBXGroup section */
		465198BC236DC425007B1802 /* Fonts */ = {
			isa = PBXGroup;
			children = (
				465198BD236DC42F007B1802 /* GloriaHallelujah-Regular.ttf */,
			);
			path = Fonts;
			sourceTree = "<group>";
		};
		46956531236C766A009E305F = {
			isa = PBXGroup;
			children = (
				4695653C236C766A009E305F /* Doggin */,
				4695653B236C766A009E305F /* Products */,
			);
			sourceTree = "<group>";
		};
		4695653B236C766A009E305F /* Products */ = {
			isa = PBXGroup;
			children = (
				4695653A236C766A009E305F /* Doggin.app */,
			);
			name = Products;
			sourceTree = "<group>";
		};
		4695653C236C766A009E305F /* Doggin */ = {
			isa = PBXGroup;
			children = (
				465198BC236DC425007B1802 /* Fonts */,
				46956551236C7687009E305F /* Models */,
				4695653D236C766A009E305F /* AppDelegate.swift */,
				4695653F236C766A009E305F /* SceneDelegate.swift */,
				46956541236C766A009E305F /* ContentView.swift */,
				46956543236C766D009E305F /* Assets.xcassets */,
				46956548236C766D009E305F /* LaunchScreen.storyboard */,
				4695654B236C766D009E305F /* Info.plist */,
				46956545236C766D009E305F /* Preview Content */,
			);
			path = Doggin;
			sourceTree = "<group>";
		};
		46956545236C766D009E305F /* Preview Content */ = {
			isa = PBXGroup;
			children = (
				46956546236C766D009E305F /* Preview Assets.xcassets */,
			);
			path = "Preview Content";
			sourceTree = "<group>";
		};
		46956551236C7687009E305F /* Models */ = {
			isa = PBXGroup;
			children = (
				46956552236C7696009E305F /* File.swift */,
			);
			path = Models;
			sourceTree = "<group>";
		};
/* End PBXGroup section */

/* Begin PBXNativeTarget section */
		46956539236C766A009E305F /* Doggin */ = {
			isa = PBXNativeTarget;
			buildConfigurationList = 4695654E236C766D009E305F /* Build configuration list for PBXNativeTarget "Doggin" */;
			buildPhases = (
				46956536236C766A009E305F /* Sources */,
				46956537236C766A009E305F /* Frameworks */,
				46956538236C766A009E305F /* Resources */,
			);
			buildRules = (
			);
			dependencies = (
			);
			name = Doggin;
			productName = Doggin;
			productReference = 4695653A236C766A009E305F /* Doggin.app */;
			productType = "com.apple.product-type.application";
		};
/* End PBXNativeTarget section */

/* Begin PBXProject section */
		46956532236C766A009E305F /* Project object */ = {
			isa = PBXProject;
			attributes = {
				LastSwiftUpdateCheck = 1110;
				LastUpgradeCheck = 1110;
				ORGANIZATIONNAME = "Rafael Plinio";
				TargetAttributes = {
					46956539236C766A009E305F = {
						CreatedOnToolsVersion = 11.1;
					};
				};
			};
			buildConfigurationList = 46956535236C766A009E305F /* Build configuration list for PBXProject "Doggin" */;
			compatibilityVersion = "Xcode 9.3";
			developmentRegion = en;
			hasScannedForEncodings = 0;
			knownRegions = (
				en,
				Base,
			);
			mainGroup = 46956531236C766A009E305F;
			productRefGroup = 4695653B236C766A009E305F /* Products */;
			projectDirPath = "";
			projectRoot = "";
			targets = (
				46956539236C766A009E305F /* Doggin */,
			);
		};
/* End PBXProject section */

/* Begin PBXResourcesBuildPhase section */
		46956538236C766A009E305F /* Resources */ = {
			isa = PBXResourcesBuildPhase;
			buildActionMask = 2147483647;
			files = (
				4695654A236C766D009E305F /* LaunchScreen.storyboard in Resources */,
				46956547236C766D009E305F /* Preview Assets.xcassets in Resources */,
				46956544236C766D009E305F /* Assets.xcassets in Resources */,
				465198BE236DC42F007B1802 /* GloriaHallelujah-Regular.ttf in Resources */,
			);
			runOnlyForDeploymentPostprocessing = 0;
		};
/* End PBXResourcesBuildPhase section */

/* Begin PBXSourcesBuildPhase section */
		46956536236C766A009E305F /* Sources */ = {
			isa = PBXSourcesBuildPhase;
			buildActionMask = 2147483647;
			files = (
				4695653E236C766A009E305F /* AppDelegate.swift in Sources */,
				46956553236C7696009E305F /* File.swift in Sources */,
				46956540236C766A009E305F /* SceneDelegate.swift in Sources */,
				46956542236C766A009E305F /* ContentView.swift in Sources */,
			);
			runOnlyForDeploymentPostprocessing = 0;
		};
/* End PBXSourcesBuildPhase section */

/* Begin PBXVariantGroup section */
		46956548236C766D009E305F /* LaunchScreen.storyboard */ = {
			isa = PBXVariantGroup;
			children = (
				46956549236C766D009E305F /* Base */,
			);
			name = LaunchScreen.storyboard;
			sourceTree = "<group>";
		};
/* End PBXVariantGroup section */

/* Begin XCBuildConfiguration section */
		4695654C236C766D009E305F /* Debug */ = {
			isa = XCBuildConfiguration;
			buildSettings = {
				ALWAYS_SEARCH_USER_PATHS = NO;
				CLANG_ANALYZER_NONNULL = YES;
				CLANG_ANALYZER_NUMBER_OBJECT_CONVERSION = YES_AGGRESSIVE;
				CLANG_CXX_LANGUAGE_STANDARD = "gnu++14";
				CLANG_CXX_LIBRARY = "libc++";
				CLANG_ENABLE_MODULES = YES;
				CLANG_ENABLE_OBJC_ARC = YES;
				CLANG_ENABLE_OBJC_WEAK = YES;
				CLANG_WARN_BLOCK_CAPTURE_AUTORELEASING = YES;
				CLANG_WARN_BOOL_CONVERSION = YES;
				CLANG_WARN_COMMA = YES;
				CLANG_WARN_CONSTANT_CONVERSION = YES;
				CLANG_WARN_DEPRECATED_OBJC_IMPLEMENTATIONS = YES;
				CLANG_WARN_DIRECT_OBJC_ISA_USAGE = YES_ERROR;
				CLANG_WARN_DOCUMENTATION_COMMENTS = YES;
				CLANG_WARN_EMPTY_BODY = YES;
				CLANG_WARN_ENUM_CONVERSION = YES;
				CLANG_WARN_INFINITE_RECURSION = YES;
				CLANG_WARN_INT_CONVERSION = YES;
				CLANG_WARN_NON_LITERAL_NULL_CONVERSION = YES;
				CLANG_WARN_OBJC_IMPLICIT_RETAIN_SELF = YES;
				CLANG_WARN_OBJC_LITERAL_CONVERSION = YES;
				CLANG_WARN_OBJC_ROOT_CLASS = YES_ERROR;
				CLANG_WARN_RANGE_LOOP_ANALYSIS = YES;
				CLANG_WARN_STRICT_PROTOTYPES = YES;
				CLANG_WARN_SUSPICIOUS_MOVE = YES;
				CLANG_WARN_UNGUARDED_AVAILABILITY = YES_AGGRESSIVE;
				CLANG_WARN_UNREACHABLE_CODE = YES;
				CLANG_WARN__DUPLICATE_METHOD_MATCH = YES;
				COPY_PHASE_STRIP = NO;
				DEBUG_INFORMATION_FORMAT = dwarf;
				ENABLE_STRICT_OBJC_MSGSEND = YES;
				ENABLE_TESTABILITY = YES;
				GCC_C_LANGUAGE_STANDARD = gnu11;
				GCC_DYNAMIC_NO_PIC = NO;
				GCC_NO_COMMON_BLOCKS = YES;
				GCC_OPTIMIZATION_LEVEL = 0;
				GCC_PREPROCESSOR_DEFINITIONS = (
					"DEBUG=1",
					"$(inherited)",
				);
				GCC_WARN_64_TO_32_BIT_CONVERSION = YES;
				GCC_WARN_ABOUT_RETURN_TYPE = YES_ERROR;
				GCC_WARN_UNDECLARED_SELECTOR = YES;
				GCC_WARN_UNINITIALIZED_AUTOS = YES_AGGRESSIVE;
				GCC_WARN_UNUSED_FUNCTION = YES;
				GCC_WARN_UNUSED_VARIABLE = YES;
				IPHONEOS_DEPLOYMENT_TARGET = 13.1;
				MTL_ENABLE_DEBUG_INFO = INCLUDE_SOURCE;
				MTL_FAST_MATH = YES;
				ONLY_ACTIVE_ARCH = YES;
				SDKROOT = iphoneos;
				SWIFT_ACTIVE_COMPILATION_CONDITIONS = DEBUG;
				SWIFT_OPTIMIZATION_LEVEL = "-Onone";
			};
			name = Debug;
		};
		4695654D236C766D009E305F /* Release */ = {
			isa = XCBuildConfiguration;
			buildSettings = {
				ALWAYS_SEARCH_USER_PATHS = NO;
				CLANG_ANALYZER_NONNULL = YES;
				CLANG_ANALYZER_NUMBER_OBJECT_CONVERSION = YES_AGGRESSIVE;
				CLANG_CXX_LANGUAGE_STANDARD = "gnu++14";
				CLANG_CXX_LIBRARY = "libc++";
				CLANG_ENABLE_MODULES = YES;
				CLANG_ENABLE_OBJC_ARC = YES;
				CLANG_ENABLE_OBJC_WEAK = YES;
				CLANG_WARN_BLOCK_CAPTURE_AUTORELEASING = YES;
				CLANG_WARN_BOOL_CONVERSION = YES;
				CLANG_WARN_COMMA = YES;
				CLANG_WARN_CONSTANT_CONVERSION = YES;
				CLANG_WARN_DEPRECATED_OBJC_IMPLEMENTATIONS = YES;
				CLANG_WARN_DIRECT_OBJC_ISA_USAGE = YES_ERROR;
				CLANG_WARN_DOCUMENTATION_COMMENTS = YES;
				CLANG_WARN_EMPTY_BODY = YES;
				CLANG_WARN_ENUM_CONVERSION = YES;
				CLANG_WARN_INFINITE_RECURSION = YES;
				CLANG_WARN_INT_CONVERSION = YES;
				CLANG_WARN_NON_LITERAL_NULL_CONVERSION = YES;
				CLANG_WARN_OBJC_IMPLICIT_RETAIN_SELF = YES;
				CLANG_WARN_OBJC_LITERAL_CONVERSION = YES;
				CLANG_WARN_OBJC_ROOT_CLASS = YES_ERROR;
				CLANG_WARN_RANGE_LOOP_ANALYSIS = YES;
				CLANG_WARN_STRICT_PROTOTYPES = YES;
				CLANG_WARN_SUSPICIOUS_MOVE = YES;
				CLANG_WARN_UNGUARDED_AVAILABILITY = YES_AGGRESSIVE;
				CLANG_WARN_UNREACHABLE_CODE = YES;
				CLANG_WARN__DUPLICATE_METHOD_MATCH = YES;
				COPY_PHASE_STRIP = NO;
				DEBUG_INFORMATION_FORMAT = "dwarf-with-dsym";
				ENABLE_NS_ASSERTIONS = NO;
				ENABLE_STRICT_OBJC_MSGSEND = YES;
				GCC_C_LANGUAGE_STANDARD = gnu11;
				GCC_NO_COMMON_BLOCKS = YES;
				GCC_WARN_64_TO_32_BIT_CONVERSION = YES;
				GCC_WARN_ABOUT_RETURN_TYPE = YES_ERROR;
				GCC_WARN_UNDECLARED_SELECTOR = YES;
				GCC_WARN_UNINITIALIZED_AUTOS = YES_AGGRESSIVE;
				GCC_WARN_UNUSED_FUNCTION = YES;
				GCC_WARN_UNUSED_VARIABLE = YES;
				IPHONEOS_DEPLOYMENT_TARGET = 13.1;
				MTL_ENABLE_DEBUG_INFO = NO;
				MTL_FAST_MATH = YES;
				SDKROOT = iphoneos;
				SWIFT_COMPILATION_MODE = wholemodule;
				SWIFT_OPTIMIZATION_LEVEL = "-O";
				VALIDATE_PRODUCT = YES;
			};
			name = Release;
		};
		4695654F236C766D009E305F /* Debug */ = {
			isa = XCBuildConfiguration;
			buildSettings = {
				ASSETCATALOG_COMPILER_APPICON_NAME = AppIcon;
				CODE_SIGN_STYLE = Automatic;
				DEVELOPMENT_ASSET_PATHS = "\"Doggin/Preview Content\"";
				ENABLE_PREVIEWS = YES;
				INFOPLIST_FILE = Doggin/Info.plist;
				LD_RUNPATH_SEARCH_PATHS = (
					"$(inherited)",
					"@executable_path/Frameworks",
				);
				PRODUCT_BUNDLE_IDENTIFIER = com.RafaelPlinio.Doggin;
				PRODUCT_NAME = "$(TARGET_NAME)";
				SWIFT_VERSION = 5.0;
				TARGETED_DEVICE_FAMILY = "1,2";
			};
			name = Debug;
		};
		46956550236C766D009E305F /* Release */ = {
			isa = XCBuildConfiguration;
			buildSettings = {
				ASSETCATALOG_COMPILER_APPICON_NAME = AppIcon;
				CODE_SIGN_STYLE = Automatic;
				DEVELOPMENT_ASSET_PATHS = "\"Doggin/Preview Content\"";
				ENABLE_PREVIEWS = YES;
				INFOPLIST_FILE = Doggin/Info.plist;
				LD_RUNPATH_SEARCH_PATHS = (
					"$(inherited)",
					"@executable_path/Frameworks",
				);
				PRODUCT_BUNDLE_IDENTIFIER = com.RafaelPlinio.Doggin;
				PRODUCT_NAME = "$(TARGET_NAME)";
				SWIFT_VERSION = 5.0;
				TARGETED_DEVICE_FAMILY = "1,2";
			};
			name = Release;
		};
/* End XCBuildConfiguration section */

/* Begin XCConfigurationList section */
		46956535236C766A009E305F /* Build configuration list for PBXProject "Doggin" */ = {
			isa = XCConfigurationList;
			buildConfigurations = (
				4695654C236C766D009E305F /* Debug */,
				4695654D236C766D009E305F /* Release */,
			);
			defaultConfigurationIsVisible = 0;
			defaultConfigurationName = Release;
		};
		4695654E236C766D009E305F /* Build configuration list for PBXNativeTarget "Doggin" */ = {
			isa = XCConfigurationList;
			buildConfigurations = (
				4695654F236C766D009E305F /* Debug */,
				46956550236C766D009E305F /* Release */,
			);
			defaultConfigurationIsVisible = 0;
			defaultConfigurationName = Release;
		};
/* End XCConfigurationList section */
	};
	rootObject = 46956532236C766A009E305F /* Project object */;
}
